// !$*UTF8*$!
{
	archiveVersion = 1;
	classes = {
	};
	objectVersion = 46;
	objects = {

/* Begin PBXBuildFile section */
		2D17DAB118EC7260009AA615 /* Foundation.framework in Frameworks */ = {isa = PBXBuildFile; fileRef = 2D17DAB018EC7260009AA615 /* Foundation.framework */; };
		2D17DAB318EC7260009AA615 /* CoreGraphics.framework in Frameworks */ = {isa = PBXBuildFile; fileRef = 2D17DAB218EC7260009AA615 /* CoreGraphics.framework */; };
		2D17DAB518EC7260009AA615 /* UIKit.framework in Frameworks */ = {isa = PBXBuildFile; fileRef = 2D17DAB418EC7260009AA615 /* UIKit.framework */; };
		2D17DABB18EC7260009AA615 /* InfoPlist.strings in Resources */ = {isa = PBXBuildFile; fileRef = 2D17DAB918EC7260009AA615 /* InfoPlist.strings */; };
		2D17DABD18EC7260009AA615 /* main.m in Sources */ = {isa = PBXBuildFile; fileRef = 2D17DABC18EC7260009AA615 /* main.m */; };
		2D17DAC118EC7260009AA615 /* MJAppDelegate.m in Sources */ = {isa = PBXBuildFile; fileRef = 2D17DAC018EC7260009AA615 /* MJAppDelegate.m */; };
		2D17DAC718EC7260009AA615 /* MJViewController.m in Sources */ = {isa = PBXBuildFile; fileRef = 2D17DAC618EC7260009AA615 /* MJViewController.m */; };
		2D17DAC918EC7260009AA615 /* Images.xcassets in Resources */ = {isa = PBXBuildFile; fileRef = 2D17DAC818EC7260009AA615 /* Images.xcassets */; };
		2D17DAD018EC7260009AA615 /* XCTest.framework in Frameworks */ = {isa = PBXBuildFile; fileRef = 2D17DACF18EC7260009AA615 /* XCTest.framework */; };
		2D17DAD118EC7260009AA615 /* Foundation.framework in Frameworks */ = {isa = PBXBuildFile; fileRef = 2D17DAB018EC7260009AA615 /* Foundation.framework */; };
		2D17DAD218EC7260009AA615 /* UIKit.framework in Frameworks */ = {isa = PBXBuildFile; fileRef = 2D17DAB418EC7260009AA615 /* UIKit.framework */; };
		2D17DADA18EC7260009AA615 /* InfoPlist.strings in Resources */ = {isa = PBXBuildFile; fileRef = 2D17DAD818EC7260009AA615 /* InfoPlist.strings */; };
		2D17DADC18EC7260009AA615 /* ___03_app__Tests.m in Sources */ = {isa = PBXBuildFile; fileRef = 2D17DADB18EC7260009AA615 /* ___03_app__Tests.m */; };
		2D17DAE718EC7271009AA615 /* MJAppCell.m in Sources */ = {isa = PBXBuildFile; fileRef = 2D17DAE618EC7271009AA615 /* MJAppCell.m */; };
		2D17DAEA18EC727A009AA615 /* MJApp.m in Sources */ = {isa = PBXBuildFile; fileRef = 2D17DAE918EC727A009AA615 /* MJApp.m */; };
		2D17DAEC18EC729C009AA615 /* apps_full.plist in Resources */ = {isa = PBXBuildFile; fileRef = 2D17DAEB18EC729C009AA615 /* apps_full.plist */; };
		54FD42FC1E10F0DB008966EC /* IWNavigationController.m in Sources */ = {isa = PBXBuildFile; fileRef = 54FD42FB1E10F0DB008966EC /* IWNavigationController.m */; };
		54FD42FE1E10F4E6008966EC /* Launch Screen.storyboard in Resources */ = {isa = PBXBuildFile; fileRef = 54FD42FD1E10F4E6008966EC /* Launch Screen.storyboard */; };
/* End PBXBuildFile section */

/* Begin PBXContainerItemProxy section */
		2D17DAD318EC7260009AA615 /* PBXContainerItemProxy */ = {
			isa = PBXContainerItemProxy;
			containerPortal = 2D17DAA518EC7260009AA615 /* Project object */;
			proxyType = 1;
			remoteGlobalIDString = 2D17DAAC18EC7260009AA615;
			remoteInfo = "预习-03-app管理";
		};
/* End PBXContainerItemProxy section */

/* Begin PBXFileReference section */
		2D17DAAD18EC7260009AA615 /* 预习-03-app管理.app */ = {isa = PBXFileReference; explicitFileType = wrapper.application; includeInIndex = 0; path = "预习-03-app管理.app"; sourceTree = BUILT_PRODUCTS_DIR; };
		2D17DAB018EC7260009AA615 /* Foundation.framework */ = {isa = PBXFileReference; lastKnownFileType = wrapper.framework; name = Foundation.framework; path = System/Library/Frameworks/Foundation.framework; sourceTree = SDKROOT; };
		2D17DAB218EC7260009AA615 /* CoreGraphics.framework */ = {isa = PBXFileReference; lastKnownFileType = wrapper.framework; name = CoreGraphics.framework; path = System/Library/Frameworks/CoreGraphics.framework; sourceTree = SDKROOT; };
		2D17DAB418EC7260009AA615 /* UIKit.framework */ = {isa = PBXFileReference; lastKnownFileType = wrapper.framework; name = UIKit.framework; path = System/Library/Frameworks/UIKit.framework; sourceTree = SDKROOT; };
		2D17DAB818EC7260009AA615 /* 预习-03-app管理-Info.plist */ = {isa = PBXFileReference; lastKnownFileType = text.plist.xml; path = "预习-03-app管理-Info.plist"; sourceTree = "<group>"; };
		2D17DABA18EC7260009AA615 /* en */ = {isa = PBXFileReference; lastKnownFileType = text.plist.strings; name = en; path = en.lproj/InfoPlist.strings; sourceTree = "<group>"; };
		2D17DABC18EC7260009AA615 /* main.m */ = {isa = PBXFileReference; lastKnownFileType = sourcecode.c.objc; path = main.m; sourceTree = "<group>"; };
		2D17DABE18EC7260009AA615 /* 预习-03-app管理-Prefix.pch */ = {isa = PBXFileReference; lastKnownFileType = sourcecode.c.h; path = "预习-03-app管理-Prefix.pch"; sourceTree = "<group>"; };
		2D17DABF18EC7260009AA615 /* MJAppDelegate.h */ = {isa = PBXFileReference; lastKnownFileType = sourcecode.c.h; path = MJAppDelegate.h; sourceTree = "<group>"; };
		2D17DAC018EC7260009AA615 /* MJAppDelegate.m */ = {isa = PBXFileReference; lastKnownFileType = sourcecode.c.objc; path = MJAppDelegate.m; sourceTree = "<group>"; };
		2D17DAC518EC7260009AA615 /* MJViewController.h */ = {isa = PBXFileReference; lastKnownFileType = sourcecode.c.h; path = MJViewController.h; sourceTree = "<group>"; };
		2D17DAC618EC7260009AA615 /* MJViewController.m */ = {isa = PBXFileReference; lastKnownFileType = sourcecode.c.objc; path = MJViewController.m; sourceTree = "<group>"; };
		2D17DAC818EC7260009AA615 /* Images.xcassets */ = {isa = PBXFileReference; lastKnownFileType = folder.assetcatalog; path = Images.xcassets; sourceTree = "<group>"; };
		2D17DACE18EC7260009AA615 /* 预习-03-app管理Tests.xctest */ = {isa = PBXFileReference; explicitFileType = wrapper.cfbundle; includeInIndex = 0; path = "预习-03-app管理Tests.xctest"; sourceTree = BUILT_PRODUCTS_DIR; };
		2D17DACF18EC7260009AA615 /* XCTest.framework */ = {isa = PBXFileReference; lastKnownFileType = wrapper.framework; name = XCTest.framework; path = Library/Frameworks/XCTest.framework; sourceTree = DEVELOPER_DIR; };
		2D17DAD718EC7260009AA615 /* 预习-03-app管理Tests-Info.plist */ = {isa = PBXFileReference; lastKnownFileType = text.plist.xml; path = "预习-03-app管理Tests-Info.plist"; sourceTree = "<group>"; };
		2D17DAD918EC7260009AA615 /* en */ = {isa = PBXFileReference; lastKnownFileType = text.plist.strings; name = en; path = en.lproj/InfoPlist.strings; sourceTree = "<group>"; };
		2D17DADB18EC7260009AA615 /* ___03_app__Tests.m */ = {isa = PBXFileReference; lastKnownFileType = sourcecode.c.objc; path = "___03_app__Tests.m"; sourceTree = "<group>"; };
		2D17DAE518EC7271009AA615 /* MJAppCell.h */ = {isa = PBXFileReference; fileEncoding = 4; lastKnownFileType = sourcecode.c.h; path = MJAppCell.h; sourceTree = "<group>"; };
		2D17DAE618EC7271009AA615 /* MJAppCell.m */ = {isa = PBXFileReference; fileEncoding = 4; lastKnownFileType = sourcecode.c.objc; path = MJAppCell.m; sourceTree = "<group>"; };
		2D17DAE818EC727A009AA615 /* MJApp.h */ = {isa = PBXFileReference; fileEncoding = 4; lastKnownFileType = sourcecode.c.h; path = MJApp.h; sourceTree = "<group>"; };
		2D17DAE918EC727A009AA615 /* MJApp.m */ = {isa = PBXFileReference; fileEncoding = 4; lastKnownFileType = sourcecode.c.objc; path = MJApp.m; sourceTree = "<group>"; };
		2D17DAEB18EC729C009AA615 /* apps_full.plist */ = {isa = PBXFileReference; fileEncoding = 4; lastKnownFileType = text.plist.xml; path = apps_full.plist; sourceTree = "<group>"; };
		54FD42FA1E10F0DB008966EC /* IWNavigationController.h */ = {isa = PBXFileReference; fileEncoding = 4; lastKnownFileType = sourcecode.c.h; path = IWNavigationController.h; sourceTree = "<group>"; };
		54FD42FB1E10F0DB008966EC /* IWNavigationController.m */ = {isa = PBXFileReference; fileEncoding = 4; lastKnownFileType = sourcecode.c.objc; path = IWNavigationController.m; sourceTree = "<group>"; };
		54FD42FD1E10F4E6008966EC /* Launch Screen.storyboard */ = {isa = PBXFileReference; fileEncoding = 4; lastKnownFileType = file.storyboard; path = "Launch Screen.storyboard"; sourceTree = "<group>"; };
/* End PBXFileReference section */

/* Begin PBXFrameworksBuildPhase section */
		2D17DAAA18EC7260009AA615 /* Frameworks */ = {
			isa = PBXFrameworksBuildPhase;
			buildActionMask = 2147483647;
			files = (
				2D17DAB318EC7260009AA615 /* CoreGraphics.framework in Frameworks */,
				2D17DAB518EC7260009AA615 /* UIKit.framework in Frameworks */,
				2D17DAB118EC7260009AA615 /* Foundation.framework in Frameworks */,
			);
			runOnlyForDeploymentPostprocessing = 0;
		};
		2D17DACB18EC7260009AA615 /* Frameworks */ = {
			isa = PBXFrameworksBuildPhase;
			buildActionMask = 2147483647;
			files = (
				2D17DAD018EC7260009AA615 /* XCTest.framework in Frameworks */,
				2D17DAD218EC7260009AA615 /* UIKit.framework in Frameworks */,
				2D17DAD118EC7260009AA615 /* Foundation.framework in Frameworks */,
			);
			runOnlyForDeploymentPostprocessing = 0;
		};
/* End PBXFrameworksBuildPhase section */

/* Begin PBXGroup section */
		2D17DAA418EC7260009AA615 = {
			isa = PBXGroup;
			children = (
				2D17DAB618EC7260009AA615 /* 预习-03-app管理 */,
				2D17DAD518EC7260009AA615 /* 预习-03-app管理Tests */,
				2D17DAAF18EC7260009AA615 /* Frameworks */,
				2D17DAAE18EC7260009AA615 /* Products */,
			);
			sourceTree = "<group>";
		};
		2D17DAAE18EC7260009AA615 /* Products */ = {
			isa = PBXGroup;
			children = (
				2D17DAAD18EC7260009AA615 /* 预习-03-app管理.app */,
				2D17DACE18EC7260009AA615 /* 预习-03-app管理Tests.xctest */,
			);
			name = Products;
			sourceTree = "<group>";
		};
		2D17DAAF18EC7260009AA615 /* Frameworks */ = {
			isa = PBXGroup;
			children = (
				2D17DAB018EC7260009AA615 /* Foundation.framework */,
				2D17DAB218EC7260009AA615 /* CoreGraphics.framework */,
				2D17DAB418EC7260009AA615 /* UIKit.framework */,
				2D17DACF18EC7260009AA615 /* XCTest.framework */,
			);
			name = Frameworks;
			sourceTree = "<group>";
		};
		2D17DAB618EC7260009AA615 /* 预习-03-app管理 */ = {
			isa = PBXGroup;
			children = (
				54FD42FA1E10F0DB008966EC /* IWNavigationController.h */,
				54FD42FB1E10F0DB008966EC /* IWNavigationController.m */,
				2D17DABF18EC7260009AA615 /* MJAppDelegate.h */,
				2D17DAC018EC7260009AA615 /* MJAppDelegate.m */,
				2D17DAC518EC7260009AA615 /* MJViewController.h */,
				2D17DAC618EC7260009AA615 /* MJViewController.m */,
				2D17DAC818EC7260009AA615 /* Images.xcassets */,
				2D17DAB718EC7260009AA615 /* Supporting Files */,
				2D17DAE518EC7271009AA615 /* MJAppCell.h */,
				2D17DAE618EC7271009AA615 /* MJAppCell.m */,
				2D17DAE818EC727A009AA615 /* MJApp.h */,
				2D17DAE918EC727A009AA615 /* MJApp.m */,
			);
			path = "预习-03-app管理";
			sourceTree = "<group>";
		};
		2D17DAB718EC7260009AA615 /* Supporting Files */ = {
			isa = PBXGroup;
			children = (
				2D17DAEB18EC729C009AA615 /* apps_full.plist */,
				2D17DAB818EC7260009AA615 /* 预习-03-app管理-Info.plist */,
				2D17DAB918EC7260009AA615 /* InfoPlist.strings */,
				2D17DABC18EC7260009AA615 /* main.m */,
				2D17DABE18EC7260009AA615 /* 预习-03-app管理-Prefix.pch */,
				54FD42FD1E10F4E6008966EC /* Launch Screen.storyboard */,
			);
			name = "Supporting Files";
			sourceTree = "<group>";
		};
		2D17DAD518EC7260009AA615 /* 预习-03-app管理Tests */ = {
			isa = PBXGroup;
			children = (
				2D17DADB18EC7260009AA615 /* ___03_app__Tests.m */,
				2D17DAD618EC7260009AA615 /* Supporting Files */,
			);
			path = "预习-03-app管理Tests";
			sourceTree = "<group>";
		};
		2D17DAD618EC7260009AA615 /* Supporting Files */ = {
			isa = PBXGroup;
			children = (
				2D17DAD718EC7260009AA615 /* 预习-03-app管理Tests-Info.plist */,
				2D17DAD818EC7260009AA615 /* InfoPlist.strings */,
			);
			name = "Supporting Files";
			sourceTree = "<group>";
		};
/* End PBXGroup section */

/* Begin PBXNativeTarget section */
		2D17DAAC18EC7260009AA615 /* 预习-03-app管理 */ = {
			isa = PBXNativeTarget;
			buildConfigurationList = 2D17DADF18EC7260009AA615 /* Build configuration list for PBXNativeTarget "预习-03-app管理" */;
			buildPhases = (
				2D17DAA918EC7260009AA615 /* Sources */,
				2D17DAAA18EC7260009AA615 /* Frameworks */,
				2D17DAAB18EC7260009AA615 /* Resources */,
			);
			buildRules = (
			);
			dependencies = (
			);
			name = "预习-03-app管理";
			productName = "预习-03-app管理";
			productReference = 2D17DAAD18EC7260009AA615 /* 预习-03-app管理.app */;
			productType = "com.apple.product-type.application";
		};
		2D17DACD18EC7260009AA615 /* 预习-03-app管理Tests */ = {
			isa = PBXNativeTarget;
			buildConfigurationList = 2D17DAE218EC7260009AA615 /* Build configuration list for PBXNativeTarget "预习-03-app管理Tests" */;
			buildPhases = (
				2D17DACA18EC7260009AA615 /* Sources */,
				2D17DACB18EC7260009AA615 /* Frameworks */,
				2D17DACC18EC7260009AA615 /* Resources */,
			);
			buildRules = (
			);
			dependencies = (
				2D17DAD418EC7260009AA615 /* PBXTargetDependency */,
			);
			name = "预习-03-app管理Tests";
			productName = "预习-03-app管理Tests";
			productReference = 2D17DACE18EC7260009AA615 /* 预习-03-app管理Tests.xctest */;
			productType = "com.apple.product-type.bundle.unit-test";
		};
/* End PBXNativeTarget section */

/* Begin PBXProject section */
		2D17DAA518EC7260009AA615 /* Project object */ = {
			isa = PBXProject;
			attributes = {
				CLASSPREFIX = MJ;
				LastUpgradeCheck = 0510;
				ORGANIZATIONNAME = itcast;
				TargetAttributes = {
					2D17DAAC18EC7260009AA615 = {
						DevelopmentTeam = N9QL4JY23N;
					};
					2D17DACD18EC7260009AA615 = {
						TestTargetID = 2D17DAAC18EC7260009AA615;
					};
				};
			};
			buildConfigurationList = 2D17DAA818EC7260009AA615 /* Build configuration list for PBXProject "预习-03-app管理" */;
			compatibilityVersion = "Xcode 3.2";
			developmentRegion = English;
			hasScannedForEncodings = 0;
			knownRegions = (
				en,
				Base,
			);
			mainGroup = 2D17DAA418EC7260009AA615;
			productRefGroup = 2D17DAAE18EC7260009AA615 /* Products */;
			projectDirPath = "";
			projectRoot = "";
			targets = (
				2D17DAAC18EC7260009AA615 /* 预习-03-app管理 */,
				2D17DACD18EC7260009AA615 /* 预习-03-app管理Tests */,
			);
		};
/* End PBXProject section */

/* Begin PBXResourcesBuildPhase section */
		2D17DAAB18EC7260009AA615 /* Resources */ = {
			isa = PBXResourcesBuildPhase;
			buildActionMask = 2147483647;
			files = (
				2D17DAC918EC7260009AA615 /* Images.xcassets in Resources */,
				2D17DABB18EC7260009AA615 /* InfoPlist.strings in Resources */,
				54FD42FE1E10F4E6008966EC /* Launch Screen.storyboard in Resources */,
				2D17DAEC18EC729C009AA615 /* apps_full.plist in Resources */,
			);
			runOnlyForDeploymentPostprocessing = 0;
		};
		2D17DACC18EC7260009AA615 /* Resources */ = {
			isa = PBXResourcesBuildPhase;
			buildActionMask = 2147483647;
			files = (
				2D17DADA18EC7260009AA615 /* InfoPlist.strings in Resources */,
			);
			runOnlyForDeploymentPostprocessing = 0;
		};
/* End PBXResourcesBuildPhase section */

/* Begin PBXSourcesBuildPhase section */
		2D17DAA918EC7260009AA615 /* Sources */ = {
			isa = PBXSourcesBuildPhase;
			buildActionMask = 2147483647;
			files = (
				2D17DABD18EC7260009AA615 /* main.m in Sources */,
				54FD42FC1E10F0DB008966EC /* IWNavigationController.m in Sources */,
				2D17DAC718EC7260009AA615 /* MJViewController.m in Sources */,
				2D17DAE718EC7271009AA615 /* MJAppCell.m in Sources */,
				2D17DAC118EC7260009AA615 /* MJAppDelegate.m in Sources */,
				2D17DAEA18EC727A009AA615 /* MJApp.m in Sources */,
			);
			runOnlyForDeploymentPostprocessing = 0;
		};
		2D17DACA18EC7260009AA615 /* Sources */ = {
			isa = PBXSourcesBuildPhase;
			buildActionMask = 2147483647;
			files = (
				2D17DADC18EC7260009AA615 /* ___03_app__Tests.m in Sources */,
			);
			runOnlyForDeploymentPostprocessing = 0;
		};
/* End PBXSourcesBuildPhase section */

/* Begin PBXTargetDependency section */
		2D17DAD418EC7260009AA615 /* PBXTargetDependency */ = {
			isa = PBXTargetDependency;
			target = 2D17DAAC18EC7260009AA615 /* 预习-03-app管理 */;
			targetProxy = 2D17DAD318EC7260009AA615 /* PBXContainerItemProxy */;
		};
/* End PBXTargetDependency section */

/* Begin PBXVariantGroup section */
		2D17DAB918EC7260009AA615 /* InfoPlist.strings */ = {
			isa = PBXVariantGroup;
			children = (
				2D17DABA18EC7260009AA615 /* en */,
			);
			name = InfoPlist.strings;
			sourceTree = "<group>";
		};
		2D17DAD818EC7260009AA615 /* InfoPlist.strings */ = {
			isa = PBXVariantGroup;
			children = (
				2D17DAD918EC7260009AA615 /* en */,
			);
			name = InfoPlist.strings;
			sourceTree = "<group>";
		};
/* End PBXVariantGroup section */

/* Begin XCBuildConfiguration section */
		2D17DADD18EC7260009AA615 /* Debug */ = {
			isa = XCBuildConfiguration;
			buildSettings = {
				ALWAYS_SEARCH_USER_PATHS = NO;
				CLANG_CXX_LANGUAGE_STANDARD = "gnu++0x";
				CLANG_CXX_LIBRARY = "libc++";
				CLANG_ENABLE_MODULES = YES;
				CLANG_ENABLE_OBJC_ARC = YES;
				CLANG_WARN_BOOL_CONVERSION = YES;
				CLANG_WARN_CONSTANT_CONVERSION = YES;
				CLANG_WARN_DIRECT_OBJC_ISA_USAGE = YES_ERROR;
				CLANG_WARN_EMPTY_BODY = YES;
				CLANG_WARN_ENUM_CONVERSION = YES;
				CLANG_WARN_INT_CONVERSION = YES;
				CLANG_WARN_OBJC_ROOT_CLASS = YES_ERROR;
				CLANG_WARN__DUPLICATE_METHOD_MATCH = YES;
				"CODE_SIGN_IDENTITY[sdk=iphoneos*]" = "iPhone Developer";
				COPY_PHASE_STRIP = NO;
				GCC_C_LANGUAGE_STANDARD = gnu99;
				GCC_DYNAMIC_NO_PIC = NO;
				GCC_OPTIMIZATION_LEVEL = 0;
				GCC_PREPROCESSOR_DEFINITIONS = (
					"DEBUG=1",
					"$(inherited)",
				);
				GCC_SYMBOLS_PRIVATE_EXTERN = NO;
				GCC_WARN_64_TO_32_BIT_CONVERSION = YES;
				GCC_WARN_ABOUT_RETURN_TYPE = YES_ERROR;
				GCC_WARN_UNDECLARED_SELECTOR = YES;
				GCC_WARN_UNINITIALIZED_AUTOS = YES_AGGRESSIVE;
				GCC_WARN_UNUSED_FUNCTION = YES;
				GCC_WARN_UNUSED_VARIABLE = YES;
				IPHONEOS_DEPLOYMENT_TARGET = 7.1;
				ONLY_ACTIVE_ARCH = YES;
				SDKROOT = iphoneos;
			};
			name = Debug;
		};
		2D17DADE18EC7260009AA615 /* Release */ = {
			isa = XCBuildConfiguration;
			buildSettings = {
				ALWAYS_SEARCH_USER_PATHS = NO;
				CLANG_CXX_LANGUAGE_STANDARD = "gnu++0x";
				CLANG_CXX_LIBRARY = "libc++";
				CLANG_ENABLE_MODULES = YES;
				CLANG_ENABLE_OBJC_ARC = YES;
				CLANG_WARN_BOOL_CONVERSION = YES;
				CLANG_WARN_CONSTANT_CONVERSION = YES;
				CLANG_WARN_DIRECT_OBJC_ISA_USAGE = YES_ERROR;
				CLANG_WARN_EMPTY_BODY = YES;
				CLANG_WARN_ENUM_CONVERSION = YES;
				CLANG_WARN_INT_CONVERSION = YES;
				CLANG_WARN_OBJC_ROOT_CLASS = YES_ERROR;
				CLANG_WARN__DUPLICATE_METHOD_MATCH = YES;
				"CODE_SIGN_IDENTITY[sdk=iphoneos*]" = "iPhone Developer";
				COPY_PHASE_STRIP = YES;
				ENABLE_NS_ASSERTIONS = NO;
				GCC_C_LANGUAGE_STANDARD = gnu99;
				GCC_WARN_64_TO_32_BIT_CONVERSION = YES;
				GCC_WARN_ABOUT_RETURN_TYPE = YES_ERROR;
				GCC_WARN_UNDECLARED_SELECTOR = YES;
				GCC_WARN_UNINITIALIZED_AUTOS = YES_AGGRESSIVE;
				GCC_WARN_UNUSED_FUNCTION = YES;
				GCC_WARN_UNUSED_VARIABLE = YES;
				IPHONEOS_DEPLOYMENT_TARGET = 7.1;
				SDKROOT = iphoneos;
				VALIDATE_PRODUCT = YES;
			};
			name = Release;
		};
		2D17DAE018EC7260009AA615 /* Debug */ = {
			isa = XCBuildConfiguration;
			buildSettings = {
				ASSETCATALOG_COMPILER_APPICON_NAME = AppIcon;
				DEVELOPMENT_TEAM = N9QL4JY23N;
				GCC_PRECOMPILE_PREFIX_HEADER = YES;
				GCC_PREFIX_HEADER = "预习-03-app管理/预习-03-app管理-Prefix.pch";
				INFOPLIST_FILE = "预习-03-app管理/预习-03-app管理-Info.plist";
				IPHONEOS_DEPLOYMENT_TARGET = 8.0;
				PRODUCT_BUNDLE_IDENTIFIER = com.bbpos.moneystore;
				PRODUCT_NAME = "$(TARGET_NAME)";
				TARGETED_DEVICE_FAMILY = 1;
				WRAPPER_EXTENSION = app;
			};
			name = Debug;
		};
		2D17DAE118EC7260009AA615 /* Release */ = {
			isa = XCBuildConfiguration;
			buildSettings = {
				ASSETCATALOG_COMPILER_APPICON_NAME = AppIcon;
				DEVELOPMENT_TEAM = N9QL4JY23N;
				GCC_PRECOMPILE_PREFIX_HEADER = YES;
				GCC_PREFIX_HEADER = "预习-03-app管理/预习-03-app管理-Prefix.pch";
				INFOPLIST_FILE = "预习-03-app管理/预习-03-app管理-Info.plist";
				IPHONEOS_DEPLOYMENT_TARGET = 8.0;
				PRODUCT_BUNDLE_IDENTIFIER = com.bbpos.moneystore;
				PRODUCT_NAME = "$(TARGET_NAME)";
				TARGETED_DEVICE_FAMILY = 1;
				WRAPPER_EXTENSION = app;
			};
			name = Release;
		};
		2D17DAE318EC7260009AA615 /* Debug */ = {
			isa = XCBuildConfiguration;
			buildSettings = {
				BUNDLE_LOADER = "$(BUILT_PRODUCTS_DIR)/预习-03-app管理.app/预习-03-app管理";
				FRAMEWORK_SEARCH_PATHS = (
					"$(SDKROOT)/Developer/Library/Frameworks",
					"$(inherited)",
					"$(DEVELOPER_FRAMEWORKS_DIR)",
				);
				GCC_PRECOMPILE_PREFIX_HEADER = YES;
				GCC_PREFIX_HEADER = "预习-03-app管理/预习-03-app管理-Prefix.pch";
				GCC_PREPROCESSOR_DEFINITIONS = (
					"DEBUG=1",
					"$(inherited)",
				);
				INFOPLIST_FILE = "预习-03-app管理Tests/预习-03-app管理Tests-Info.plist";
				PRODUCT_NAME = "$(TARGET_NAME)";
				TEST_HOST = "$(BUNDLE_LOADER)";
				WRAPPER_EXTENSION = xctest;
			};
			name = Debug;
		};
		2D17DAE418EC7260009AA615 /* Release */ = {
			isa = XCBuildConfiguration;
			buildSettings = {
				BUNDLE_LOADER = "$(BUILT_PRODUCTS_DIR)/预习-03-app管理.app/预习-03-app管理";
				FRAMEWORK_SEARCH_PATHS = (
					"$(SDKROOT)/Developer/Library/Frameworks",
					"$(inherited)",
					"$(DEVELOPER_FRAMEWORKS_DIR)",
				);
				GCC_PRECOMPILE_PREFIX_HEADER = YES;
				GCC_PREFIX_HEADER = "预习-03-app管理/预习-03-app管理-Prefix.pch";
				INFOPLIST_FILE = "预习-03-app管理Tests/预习-03-app管理Tests-Info.plist";
				PRODUCT_NAME = "$(TARGET_NAME)";
				TEST_HOST = "$(BUNDLE_LOADER)";
				WRAPPER_EXTENSION = xctest;
			};
			name = Release;
		};
/* End XCBuildConfiguration section */

/* Begin XCConfigurationList section */
		2D17DAA818EC7260009AA615 /* Build configuration list for PBXProject "预习-03-app管理" */ = {
			isa = XCConfigurationList;
			buildConfigurations = (
				2D17DADD18EC7260009AA615 /* Debug */,
				2D17DADE18EC7260009AA615 /* Release */,
			);
			defaultConfigurationIsVisible = 0;
			defaultConfigurationName = Release;
		};
		2D17DADF18EC7260009AA615 /* Build configuration list for PBXNativeTarget "预习-03-app管理" */ = {
			isa = XCConfigurationList;
			buildConfigurations = (
				2D17DAE018EC7260009AA615 /* Debug */,
				2D17DAE118EC7260009AA615 /* Release */,
			);
			defaultConfigurationIsVisible = 0;
			defaultConfigurationName = Release;
		};
		2D17DAE218EC7260009AA615 /* Build configuration list for PBXNativeTarget "预习-03-app管理Tests" */ = {
			isa = XCConfigurationList;
			buildConfigurations = (
				2D17DAE318EC7260009AA615 /* Debug */,
				2D17DAE418EC7260009AA615 /* Release */,
			);
			defaultConfigurationIsVisible = 0;
			defaultConfigurationName = Release;
		};
/* End XCConfigurationList section */
	};
	rootObject = 2D17DAA518EC7260009AA615 /* Project object */;
}
